
Microsoft Visual Studio Solution File, Format Version 12.00
# Visual Studio Version 17
VisualStudioVersion = 17.1.32228.430
MinimumVisualStudioVersion = 10.0.40219.1
Project("{FAE04EC0-301F-11D3-BF4B-00C04F79EFBC}") = "RazorPagesTesting", "RazorPagesTesting\RazorPagesTesting.csproj", "{D8E0A88D-ABC9-4AC5-AFC2-11D8C5BD3EE2}"
EndProject
Global
	GlobalSection(SolutionConfigurationPlatforms) = preSolution
		Debug|Any CPU = Debug|Any CPU
		Release|Any CPU = Release|Any CPU
	EndGlobalSection
	GlobalSection(ProjectConfigurationPlatforms) = postSolution
		{D8E0A88D-ABC9-4AC5-AFC2-11D8C5BD3EE2}.Debug|Any CPU.ActiveCfg = Debug|Any CPU
		{D8E0A88D-ABC9-4AC5-AFC2-11D8C5BD3EE2}.Debug|Any CPU.Build.0 = Debug|Any CPU
		{D8E0A88D-ABC9-4AC5-AFC2-11D8C5BD3EE2}.Release|Any CPU.ActiveCfg = Release|Any CPU
		{D8E0A88D-ABC9-4AC5-AFC2-11D8C5BD3EE2}.Release|Any CPU.Build.0 = Release|Any CPU
	EndGlobalSection
	GlobalSection(SolutionProperties) = preSolution
		HideSolutionNode = FALSE
	EndGlobalSection
	GlobalSection(ExtensibilityGlobals) = postSolution
		SolutionGuid = {33030506-54AE-4F5B-8D73-4991D9153FAF}
	EndGlobalSection
EndGlobal
